// !$*UTF8*$!
{
	archiveVersion = 1;
	classes = {
	};
	objectVersion = 50;
	objects = {

/* Begin PBXBuildFile section */
		FF4476E325B0D76400486BB1 /* AboutViewController.swift in Sources */ = {isa = PBXBuildFile; fileRef = FF4476E225B0D76400486BB1 /* AboutViewController.swift */; };
		FF4476E625B0E04300486BB1 /* Bullseye.html in Resources */ = {isa = PBXBuildFile; fileRef = FF4476E525B0E04300486BB1 /* Bullseye.html */; };
		FF4476EA25B0E16700486BB1 /* WebKit.framework in Frameworks */ = {isa = PBXBuildFile; fileRef = FF4476E925B0E16700486BB1 /* WebKit.framework */; };
		FF76234D25AE1F0C00F427D7 /* AppDelegate.swift in Sources */ = {isa = PBXBuildFile; fileRef = FF76234C25AE1F0C00F427D7 /* AppDelegate.swift */; };
		FF76234F25AE1F0C00F427D7 /* SceneDelegate.swift in Sources */ = {isa = PBXBuildFile; fileRef = FF76234E25AE1F0C00F427D7 /* SceneDelegate.swift */; };
		FF76235125AE1F0C00F427D7 /* ViewController.swift in Sources */ = {isa = PBXBuildFile; fileRef = FF76235025AE1F0C00F427D7 /* ViewController.swift */; };
		FF76235425AE1F0C00F427D7 /* Main.storyboard in Resources */ = {isa = PBXBuildFile; fileRef = FF76235225AE1F0C00F427D7 /* Main.storyboard */; };
		FF76235625AE1F0E00F427D7 /* Assets.xcassets in Resources */ = {isa = PBXBuildFile; fileRef = FF76235525AE1F0E00F427D7 /* Assets.xcassets */; };
		FF76235925AE1F0E00F427D7 /* LaunchScreen.storyboard in Resources */ = {isa = PBXBuildFile; fileRef = FF76235725AE1F0E00F427D7 /* LaunchScreen.storyboard */; };
/* End PBXBuildFile section */

/* Begin PBXFileReference section */
		FF4476E225B0D76400486BB1 /* AboutViewController.swift */ = {isa = PBXFileReference; lastKnownFileType = sourcecode.swift; path = AboutViewController.swift; sourceTree = "<group>"; };
		FF4476E525B0E04300486BB1 /* Bullseye.html */ = {isa = PBXFileReference; fileEncoding = 4; lastKnownFileType = text.html; name = Bullseye.html; path = "../../../Downloads/ia-materials-editions-8.3/01-getting-started-uikit/Resources/Bullseye.html"; sourceTree = "<group>"; };
		FF4476E925B0E16700486BB1 /* WebKit.framework */ = {isa = PBXFileReference; lastKnownFileType = wrapper.framework; name = WebKit.framework; path = System/Library/Frameworks/WebKit.framework; sourceTree = SDKROOT; };
		FF76234925AE1F0C00F427D7 /* BullsEye.app */ = {isa = PBXFileReference; explicitFileType = wrapper.application; includeInIndex = 0; path = BullsEye.app; sourceTree = BUILT_PRODUCTS_DIR; };
		FF76234C25AE1F0C00F427D7 /* AppDelegate.swift */ = {isa = PBXFileReference; lastKnownFileType = sourcecode.swift; path = AppDelegate.swift; sourceTree = "<group>"; };
		FF76234E25AE1F0C00F427D7 /* SceneDelegate.swift */ = {isa = PBXFileReference; lastKnownFileType = sourcecode.swift; path = SceneDelegate.swift; sourceTree = "<group>"; };
		FF76235025AE1F0C00F427D7 /* ViewController.swift */ = {isa = PBXFileReference; lastKnownFileType = sourcecode.swift; path = ViewController.swift; sourceTree = "<group>"; };
		FF76235325AE1F0C00F427D7 /* Base */ = {isa = PBXFileReference; lastKnownFileType = file.storyboard; name = Base; path = Base.lproj/Main.storyboard; sourceTree = "<group>"; };
		FF76235525AE1F0E00F427D7 /* Assets.xcassets */ = {isa = PBXFileReference; lastKnownFileType = folder.assetcatalog; path = Assets.xcassets; sourceTree = "<group>"; };
		FF76235825AE1F0E00F427D7 /* Base */ = {isa = PBXFileReference; lastKnownFileType = file.storyboard; name = Base; path = Base.lproj/LaunchScreen.storyboard; sourceTree = "<group>"; };
		FF76235A25AE1F0E00F427D7 /* Info.plist */ = {isa = PBXFileReference; lastKnownFileType = text.plist.xml; path = Info.plist; sourceTree = "<group>"; };
/* End PBXFileReference section */

/* Begin PBXFrameworksBuildPhase section */
		FF76234625AE1F0C00F427D7 /* Frameworks */ = {
			isa = PBXFrameworksBuildPhase;
			buildActionMask = 2147483647;
			files = (
				FF4476EA25B0E16700486BB1 /* WebKit.framework in Frameworks */,
			);
			runOnlyForDeploymentPostprocessing = 0;
		};
/* End PBXFrameworksBuildPhase section */

/* Begin PBXGroup section */
		FF4476E825B0E16700486BB1 /* Frameworks */ = {
			isa = PBXGroup;
			children = (
				FF4476E925B0E16700486BB1 /* WebKit.framework */,
			);
			name = Frameworks;
			sourceTree = "<group>";
		};
		FF76234025AE1F0C00F427D7 = {
			isa = PBXGroup;
			children = (
				FF76234B25AE1F0C00F427D7 /* BullsEye */,
				FF76234A25AE1F0C00F427D7 /* Products */,
				FF4476E825B0E16700486BB1 /* Frameworks */,
			);
			sourceTree = "<group>";
		};
		FF76234A25AE1F0C00F427D7 /* Products */ = {
			isa = PBXGroup;
			children = (
				FF76234925AE1F0C00F427D7 /* BullsEye.app */,
			);
			name = Products;
			sourceTree = "<group>";
		};
		FF76234B25AE1F0C00F427D7 /* BullsEye */ = {
			isa = PBXGroup;
			children = (
				FF4476E525B0E04300486BB1 /* Bullseye.html */,
				FF76234C25AE1F0C00F427D7 /* AppDelegate.swift */,
				FF76234E25AE1F0C00F427D7 /* SceneDelegate.swift */,
				FF76235025AE1F0C00F427D7 /* ViewController.swift */,
				FF76235225AE1F0C00F427D7 /* Main.storyboard */,
				FF4476E225B0D76400486BB1 /* AboutViewController.swift */,
				FF76235525AE1F0E00F427D7 /* Assets.xcassets */,
				FF76235725AE1F0E00F427D7 /* LaunchScreen.storyboard */,
				FF76235A25AE1F0E00F427D7 /* Info.plist */,
			);
			path = BullsEye;
			sourceTree = "<group>";
		};
/* End PBXGroup section */

/* Begin PBXNativeTarget section */
		FF76234825AE1F0C00F427D7 /* BullsEye */ = {
			isa = PBXNativeTarget;
			buildConfigurationList = FF76235D25AE1F0E00F427D7 /* Build configuration list for PBXNativeTarget "BullsEye" */;
			buildPhases = (
				FF76234525AE1F0C00F427D7 /* Sources */,
				FF76234625AE1F0C00F427D7 /* Frameworks */,
				FF76234725AE1F0C00F427D7 /* Resources */,
			);
			buildRules = (
			);
			dependencies = (
			);
			name = BullsEye;
			productName = BullsEye;
			productReference = FF76234925AE1F0C00F427D7 /* BullsEye.app */;
			productType = "com.apple.product-type.application";
		};
/* End PBXNativeTarget section */

/* Begin PBXProject section */
		FF76234125AE1F0C00F427D7 /* Project object */ = {
			isa = PBXProject;
			attributes = {
				LastSwiftUpdateCheck = 1230;
				LastUpgradeCheck = 1230;
				TargetAttributes = {
					FF76234825AE1F0C00F427D7 = {
						CreatedOnToolsVersion = 12.3;
					};
				};
			};
			buildConfigurationList = FF76234425AE1F0C00F427D7 /* Build configuration list for PBXProject "BullsEye" */;
			compatibilityVersion = "Xcode 9.3";
			developmentRegion = en;
			hasScannedForEncodings = 0;
			knownRegions = (
				en,
				Base,
			);
			mainGroup = FF76234025AE1F0C00F427D7;
			productRefGroup = FF76234A25AE1F0C00F427D7 /* Products */;
			projectDirPath = "";
			projectRoot = "";
			targets = (
				FF76234825AE1F0C00F427D7 /* BullsEye */,
			);
		};
/* End PBXProject section */

/* Begin PBXResourcesBuildPhase section */
		FF76234725AE1F0C00F427D7 /* Resources */ = {
			isa = PBXResourcesBuildPhase;
			buildActionMask = 2147483647;
			files = (
				FF76235925AE1F0E00F427D7 /* LaunchScreen.storyboard in Resources */,
				FF4476E625B0E04300486BB1 /* Bullseye.html in Resources */,
				FF76235625AE1F0E00F427D7 /* Assets.xcassets in Resources */,
				FF76235425AE1F0C00F427D7 /* Main.storyboard in Resources */,
			);
			runOnlyForDeploymentPostprocessing = 0;
		};
/* End PBXResourcesBuildPhase section */

/* Begin PBXSourcesBuildPhase section */
		FF76234525AE1F0C00F427D7 /* Sources */ = {
			isa = PBXSourcesBuildPhase;
			buildActionMask = 2147483647;
			files = (
				FF76235125AE1F0C00F427D7 /* ViewController.swift in Sources */,
				FF76234D25AE1F0C00F427D7 /* AppDelegate.swift in Sources */,
				FF4476E325B0D76400486BB1 /* AboutViewController.swift in Sources */,
				FF76234F25AE1F0C00F427D7 /* SceneDelegate.swift in Sources */,
			);
			runOnlyForDeploymentPostprocessing = 0;
		};
/* End PBXSourcesBuildPhase section */

/* Begin PBXVariantGroup section */
		FF76235225AE1F0C00F427D7 /* Main.storyboard */ = {
			isa = PBXVariantGroup;
			children = (
				FF76235325AE1F0C00F427D7 /* Base */,
			);
			name = Main.storyboard;
			sourceTree = "<group>";
		};
		FF76235725AE1F0E00F427D7 /* LaunchScreen.storyboard */ = {
			isa = PBXVariantGroup;
			children = (
				FF76235825AE1F0E00F427D7 /* Base */,
			);
			name = LaunchScreen.storyboard;
			sourceTree = "<group>";
		};
/* End PBXVariantGroup section */

/* Begin XCBuildConfiguration section */
		FF76235B25AE1F0E00F427D7 /* Debug */ = {
			isa = XCBuildConfiguration;
			buildSettings = {
				ALWAYS_SEARCH_USER_PATHS = NO;
				CLANG_ANALYZER_NONNULL = YES;
				CLANG_ANALYZER_NUMBER_OBJECT_CONVERSION = YES_AGGRESSIVE;
				CLANG_CXX_LANGUAGE_STANDARD = "gnu++14";
				CLANG_CXX_LIBRARY = "libc++";
				CLANG_ENABLE_MODULES = YES;
				CLANG_ENABLE_OBJC_ARC = YES;
				CLANG_ENABLE_OBJC_WEAK = YES;
				CLANG_WARN_BLOCK_CAPTURE_AUTORELEASING = YES;
				CLANG_WARN_BOOL_CONVERSION = YES;
				CLANG_WARN_COMMA = YES;
				CLANG_WARN_CONSTANT_CONVERSION = YES;
				CLANG_WARN_DEPRECATED_OBJC_IMPLEMENTATIONS = YES;
				CLANG_WARN_DIRECT_OBJC_ISA_USAGE = YES_ERROR;
				CLANG_WARN_DOCUMENTATION_COMMENTS = YES;
				CLANG_WARN_EMPTY_BODY = YES;
				CLANG_WARN_ENUM_CONVERSION = YES;
				CLANG_WARN_INFINITE_RECURSION = YES;
				CLANG_WARN_INT_CONVERSION = YES;
				CLANG_WARN_NON_LITERAL_NULL_CONVERSION = YES;
				CLANG_WARN_OBJC_IMPLICIT_RETAIN_SELF = YES;
				CLANG_WARN_OBJC_LITERAL_CONVERSION = YES;
				CLANG_WARN_OBJC_ROOT_CLASS = YES_ERROR;
				CLANG_WARN_QUOTED_INCLUDE_IN_FRAMEWORK_HEADER = YES;
				CLANG_WARN_RANGE_LOOP_ANALYSIS = YES;
				CLANG_WARN_STRICT_PROTOTYPES = YES;
				CLANG_WARN_SUSPICIOUS_MOVE = YES;
				CLANG_WARN_UNGUARDED_AVAILABILITY = YES_AGGRESSIVE;
				CLANG_WARN_UNREACHABLE_CODE = YES;
				CLANG_WARN__DUPLICATE_METHOD_MATCH = YES;
				COPY_PHASE_STRIP = NO;
				DEBUG_INFORMATION_FORMAT = dwarf;
				ENABLE_STRICT_OBJC_MSGSEND = YES;
				ENABLE_TESTABILITY = YES;
				GCC_C_LANGUAGE_STANDARD = gnu11;
				GCC_DYNAMIC_NO_PIC = NO;
				GCC_NO_COMMON_BLOCKS = YES;
				GCC_OPTIMIZATION_LEVEL = 0;
				GCC_PREPROCESSOR_DEFINITIONS = (
					"DEBUG=1",
					"$(inherited)",
				);
				GCC_WARN_64_TO_32_BIT_CONVERSION = YES;
				GCC_WARN_ABOUT_RETURN_TYPE = YES_ERROR;
				GCC_WARN_UNDECLARED_SELECTOR = YES;
				GCC_WARN_UNINITIALIZED_AUTOS = YES_AGGRESSIVE;
				GCC_WARN_UNUSED_FUNCTION = YES;
				GCC_WARN_UNUSED_VARIABLE = YES;
				IPHONEOS_DEPLOYMENT_TARGET = 14.3;
				MTL_ENABLE_DEBUG_INFO = INCLUDE_SOURCE;
				MTL_FAST_MATH = YES;
				ONLY_ACTIVE_ARCH = YES;
				SDKROOT = iphoneos;
				SWIFT_ACTIVE_COMPILATION_CONDITIONS = DEBUG;
				SWIFT_OPTIMIZATION_LEVEL = "-Onone";
			};
			name = Debug;
		};
		FF76235C25AE1F0E00F427D7 /* Release */ = {
			isa = XCBuildConfiguration;
			buildSettings = {
				ALWAYS_SEARCH_USER_PATHS = NO;
				CLANG_ANALYZER_NONNULL = YES;
				CLANG_ANALYZER_NUMBER_OBJECT_CONVERSION = YES_AGGRESSIVE;
				CLANG_CXX_LANGUAGE_STANDARD = "gnu++14";
				CLANG_CXX_LIBRARY = "libc++";
				CLANG_ENABLE_MODULES = YES;
				CLANG_ENABLE_OBJC_ARC = YES;
				CLANG_ENABLE_OBJC_WEAK = YES;
				CLANG_WARN_BLOCK_CAPTURE_AUTORELEASING = YES;
				CLANG_WARN_BOOL_CONVERSION = YES;
				CLANG_WARN_COMMA = YES;
				CLANG_WARN_CONSTANT_CONVERSION = YES;
				CLANG_WARN_DEPRECATED_OBJC_IMPLEMENTATIONS = YES;
				CLANG_WARN_DIRECT_OBJC_ISA_USAGE = YES_ERROR;
				CLANG_WARN_DOCUMENTATION_COMMENTS = YES;
				CLANG_WARN_EMPTY_BODY = YES;
				CLANG_WARN_ENUM_CONVERSION = YES;
				CLANG_WARN_INFINITE_RECURSION = YES;
				CLANG_WARN_INT_CONVERSION = YES;
				CLANG_WARN_NON_LITERAL_NULL_CONVERSION = YES;
				CLANG_WARN_OBJC_IMPLICIT_RETAIN_SELF = YES;
				CLANG_WARN_OBJC_LITERAL_CONVERSION = YES;
				CLANG_WARN_OBJC_ROOT_CLASS = YES_ERROR;
				CLANG_WARN_QUOTED_INCLUDE_IN_FRAMEWORK_HEADER = YES;
				CLANG_WARN_RANGE_LOOP_ANALYSIS = YES;
				CLANG_WARN_STRICT_PROTOTYPES = YES;
				CLANG_WARN_SUSPICIOUS_MOVE = YES;
				CLANG_WARN_UNGUARDED_AVAILABILITY = YES_AGGRESSIVE;
				CLANG_WARN_UNREACHABLE_CODE = YES;
				CLANG_WARN__DUPLICATE_METHOD_MATCH = YES;
				COPY_PHASE_STRIP = NO;
				DEBUG_INFORMATION_FORMAT = "dwarf-with-dsym";
				ENABLE_NS_ASSERTIONS = NO;
				ENABLE_STRICT_OBJC_MSGSEND = YES;
				GCC_C_LANGUAGE_STANDARD = gnu11;
				GCC_NO_COMMON_BLOCKS = YES;
				GCC_WARN_64_TO_32_BIT_CONVERSION = YES;
				GCC_WARN_ABOUT_RETURN_TYPE = YES_ERROR;
				GCC_WARN_UNDECLARED_SELECTOR = YES;
				GCC_WARN_UNINITIALIZED_AUTOS = YES_AGGRESSIVE;
				GCC_WARN_UNUSED_FUNCTION = YES;
				GCC_WARN_UNUSED_VARIABLE = YES;
				IPHONEOS_DEPLOYMENT_TARGET = 14.3;
				MTL_ENABLE_DEBUG_INFO = NO;
				MTL_FAST_MATH = YES;
				SDKROOT = iphoneos;
				SWIFT_COMPILATION_MODE = wholemodule;
				SWIFT_OPTIMIZATION_LEVEL = "-O";
				VALIDATE_PRODUCT = YES;
			};
			name = Release;
		};
		FF76235E25AE1F0E00F427D7 /* Debug */ = {
			isa = XCBuildConfiguration;
			buildSettings = {
				ASSETCATALOG_COMPILER_APPICON_NAME = AppIcon;
				ASSETCATALOG_COMPILER_GLOBAL_ACCENT_COLOR_NAME = AccentColor;
				CODE_SIGN_STYLE = Automatic;
				INFOPLIST_FILE = BullsEye/Info.plist;
				LD_RUNPATH_SEARCH_PATHS = (
					"$(inherited)",
					"@executable_path/Frameworks",
				);
				PRODUCT_BUNDLE_IDENTIFIER = WolfMW.BullsEye;
				PRODUCT_NAME = "$(TARGET_NAME)";
				SWIFT_VERSION = 5.0;
				TARGETED_DEVICE_FAMILY = "1,2";
			};
			name = Debug;
		};
		FF76235F25AE1F0E00F427D7 /* Release */ = {
			isa = XCBuildConfiguration;
			buildSettings = {
				ASSETCATALOG_COMPILER_APPICON_NAME = AppIcon;
				ASSETCATALOG_COMPILER_GLOBAL_ACCENT_COLOR_NAME = AccentColor;
				CODE_SIGN_STYLE = Automatic;
				INFOPLIST_FILE = BullsEye/Info.plist;
				LD_RUNPATH_SEARCH_PATHS = (
					"$(inherited)",
					"@executable_path/Frameworks",
				);
				PRODUCT_BUNDLE_IDENTIFIER = WolfMW.BullsEye;
				PRODUCT_NAME = "$(TARGET_NAME)";
				SWIFT_VERSION = 5.0;
				TARGETED_DEVICE_FAMILY = "1,2";
			};
			name = Release;
		};
/* End XCBuildConfiguration section */

/* Begin XCConfigurationList section */
		FF76234425AE1F0C00F427D7 /* Build configuration list for PBXProject "BullsEye" */ = {
			isa = XCConfigurationList;
			buildConfigurations = (
				FF76235B25AE1F0E00F427D7 /* Debug */,
				FF76235C25AE1F0E00F427D7 /* Release */,
			);
			defaultConfigurationIsVisible = 0;
			defaultConfigurationName = Release;
		};
		FF76235D25AE1F0E00F427D7 /* Build configuration list for PBXNativeTarget "BullsEye" */ = {
			isa = XCConfigurationList;
			buildConfigurations = (
				FF76235E25AE1F0E00F427D7 /* Debug */,
				FF76235F25AE1F0E00F427D7 /* Release */,
			);
			defaultConfigurationIsVisible = 0;
			defaultConfigurationName = Release;
		};
/* End XCConfigurationList section */
	};
	rootObject = FF76234125AE1F0C00F427D7 /* Project object */;
}
